{
	"name": "grandma3-types",
	"version": "0.6.2",
	"lockfileVersion": 2,
	"requires": true,
	"packages": {
		"": {
			"name": "grandma3-types",
			"version": "0.6.2",
			"license": "MIT",
			"devDependencies": {
				"@trivago/prettier-plugin-sort-imports": "^6.0.2",
				"lua-types": "^2.14.1",
				"prettier": "^3.8.3",
				"typescript": "6.0.2",
				"typescript-to-lua": "1.36.0"
			}
		},
		"node_modules/@babel/code-frame": {
			"version": "7.29.7",
			"resolved": "https://npm.pkg.service42.me/@babel/code-frame/-/code-frame-7.29.7.tgz",
			"integrity": "sha512-Aup7aUOfpbAUg2ROOJN6Iw5f9DMBlzu0mIkm/malLQFN/YQgO48wCj0Kxa3sEHJvPVFg7siR+qRInwXd2qhQKw==",
			"dev": true,
			"license": "MIT",
			"dependencies": {
				"@babel/helper-validator-identifier": "^7.29.7",
				"js-tokens": "^4.0.0",
				"picocolors": "^1.1.1"
			},
			"engines": {
				"node": ">=6.9.0"
			}
		},
		"node_modules/@babel/generator": {
			"version": "7.29.7",
			"resolved": "https://npm.pkg.service42.me/@babel/generator/-/generator-7.29.7.tgz",
			"integrity": "sha512-DkXD5OJQaAQIdZ1bt3UZdEnHAn9Imd3IVBdX03UFe+ony9Ojw5pzr9YVKGDY1jt+Gcn/FnGkNf8r+Vj5NOJWtQ==",
			"dev": true,
			"license": "MIT",
			"dependencies": {
				"@babel/parser": "^7.29.7",
				"@babel/types": "^7.29.7",
				"@jridgewell/gen-mapping": "^0.3.12",
				"@jridgewell/trace-mapping": "^0.3.28",
				"jsesc": "^3.0.2"
			},
			"engines": {
				"node": ">=6.9.0"
			}
		},
		"node_modules/@babel/helper-globals": {
			"version": "7.29.7",
			"resolved": "https://npm.pkg.service42.me/@babel/helper-globals/-/helper-globals-7.29.7.tgz",
			"integrity": "sha512-3nQVUAtvkKH9zahfWgw96Jc/uFOmjACE1kQz82E2lqWmHBgjzbNlsC22nuQTfahmWeQtTq5nQ/4Nnd2A1wj4zA==",
			"dev": true,
			"license": "MIT",
			"engines": {
				"node": ">=6.9.0"
			}
		},
		"node_modules/@babel/helper-string-parser": {
			"version": "7.29.7",
			"resolved": "https://npm.pkg.service42.me/@babel/helper-string-parser/-/helper-string-parser-7.29.7.tgz",
			"integrity": "sha512-Pb5ijPrZ89GDH8223L4UP8i6QApWxs04RbPQJTeWDV0/keR2E36MeKnyr6LYmUUvqRRI+Iv87SuF1W6ErINzYw==",
			"dev": true,
			"license": "MIT",
			"engines": {
				"node": ">=6.9.0"
			}
		},
		"node_modules/@babel/helper-validator-identifier": {
			"version": "7.29.7",
			"resolved": "https://npm.pkg.service42.me/@babel/helper-validator-identifier/-/helper-validator-identifier-7.29.7.tgz",
			"integrity": "sha512-qehxGkRj55h/ff8EMaJ+cYhyaKlHIxqYDn682wQD7RNp9UujOQsHog2uS0r2vzr4pW+sXf90NeeayjcNaX3fFg==",
			"dev": true,
			"license": "MIT",
			"engines": {
				"node": ">=6.9.0"
			}
		},
		"node_modules/@babel/parser": {
			"version": "7.29.7",
			"resolved": "https://npm.pkg.service42.me/@babel/parser/-/parser-7.29.7.tgz",
			"integrity": "sha512-hnORnjP/1P/zFEndoeX+n+t1RwWRJiJpM/jO7FW32Kn9r5+sJB2JWOdYo4L6k78j15eCwY3Gm/7364B1EMwtNg==",
			"dev": true,
			"license": "MIT",
			"dependencies": {
				"@babel/types": "^7.29.7"
			},
			"bin": {
				"parser": "bin/babel-parser.js"
			},
			"engines": {
				"node": ">=6.0.0"
			}
		},
		"node_modules/@babel/template": {
			"version": "7.29.7",
			"resolved": "https://npm.pkg.service42.me/@babel/template/-/template-7.29.7.tgz",
			"integrity": "sha512-puq+Gf35oI24FeN11LkoUQFqv9uwNeWpxXZi/Ji3rRIoKAzKnxRaZ+Gkj0vKS9ZCiTESfng1N9LyOyXvo+m+Gg==",
			"dev": true,
			"license": "MIT",
			"dependencies": {
				"@babel/code-frame": "^7.29.7",
				"@babel/parser": "^7.29.7",
				"@babel/types": "^7.29.7"
			},
			"engines": {
				"node": ">=6.9.0"
			}
		},
		"node_modules/@babel/traverse": {
			"version": "7.29.7",
			"resolved": "https://npm.pkg.service42.me/@babel/traverse/-/traverse-7.29.7.tgz",
			"integrity": "sha512-EhlfNQtZ+NK22w5BM61ciuiq1m58ed33Wr1Xan//ZRTy6hgjnwyCffRYwzsGXdASJSUJ1guZILsErh1eQcl+zw==",
			"dev": true,
			"license": "MIT",
			"dependencies": {
				"@babel/code-frame": "^7.29.7",
				"@babel/generator": "^7.29.7",
				"@babel/helper-globals": "^7.29.7",
				"@babel/parser": "^7.29.7",
				"@babel/template": "^7.29.7",
				"@babel/types": "^7.29.7",
				"debug": "^4.3.1"
			},
			"engines": {
				"node": ">=6.9.0"
			}
		},
		"node_modules/@babel/types": {
			"version": "7.29.7",
			"resolved": "https://npm.pkg.service42.me/@babel/types/-/types-7.29.7.tgz",
			"integrity": "sha512-4zBIxpPzowiZpusoFkyGVwakdRJUyuH5PxQ/PrqghfdFWWasvnCdPfQXHrenDai+gyLARulZjZowCOj6fjT4pA==",
			"dev": true,
			"license": "MIT",
			"dependencies": {
				"@babel/helper-string-parser": "^7.29.7",
				"@babel/helper-validator-identifier": "^7.29.7"
			},
			"engines": {
				"node": ">=6.9.0"
			}
		},
		"node_modules/@jridgewell/gen-mapping": {
			"version": "0.3.13",
			"resolved": "https://npm.pkg.service42.me/@jridgewell/gen-mapping/-/gen-mapping-0.3.13.tgz",
			"integrity": "sha512-2kkt/7niJ6MgEPxF0bYdQ6etZaA+fQvDcLKckhy1yIQOzaoKjBBjSj63/aLVjYE3qhRt5dvM+uUyfCg6UKCBbA==",
			"dev": true,
			"license": "MIT",
			"dependencies": {
				"@jridgewell/sourcemap-codec": "^1.5.0",
				"@jridgewell/trace-mapping": "^0.3.24"
			}
		},
		"node_modules/@jridgewell/resolve-uri": {
			"version": "3.1.2",
			"resolved": "https://npm.pkg.service42.me/@jridgewell/resolve-uri/-/resolve-uri-3.1.2.tgz",
			"integrity": "sha512-bRISgCIjP20/tbWSPWMEi54QVPRZExkuD9lJL+UIxUKtwVJA8wW1Trb1jMs1RFXo1CBTNZ/5hpC9QvmKWdopKw==",
			"dev": true,
			"license": "MIT",
			"engines": {
				"node": ">=6.0.0"
			}
		},
		"node_modules/@jridgewell/sourcemap-codec": {
			"version": "1.5.5",
			"resolved": "https://npm.pkg.service42.me/@jridgewell/sourcemap-codec/-/sourcemap-codec-1.5.5.tgz",
			"integrity": "sha512-cYQ9310grqxueWbl+WuIUIaiUaDcj7WOq5fVhEljNVgRfOUhY9fy2zTvfoqWsnebh8Sl70VScFbICvJnLKB0Og==",
			"dev": true,
			"license": "MIT"
		},
		"node_modules/@jridgewell/trace-mapping": {
			"version": "0.3.31",
			"resolved": "https://npm.pkg.service42.me/@jridgewell/trace-mapping/-/trace-mapping-0.3.31.tgz",
			"integrity": "sha512-zzNR+SdQSDJzc8joaeP8QQoCQr8NuYx2dIIytl1QeBEZHJ9uW6hebsrYgbz8hJwUQao3TWCMtmfV8Nu1twOLAw==",
			"dev": true,
			"license": "MIT",
			"dependencies": {
				"@jridgewell/resolve-uri": "^3.1.0",
				"@jridgewell/sourcemap-codec": "^1.4.14"
			}
		},
		"node_modules/@trivago/prettier-plugin-sort-imports": {
			"version": "6.0.2",
			"resolved": "https://npm.pkg.service42.me/@trivago/prettier-plugin-sort-imports/-/prettier-plugin-sort-imports-6.0.2.tgz",
			"integrity": "sha512-3DgfkukFyC/sE/VuYjaUUWoFfuVjPK55vOFDsxD56XXynFMCZDYFogH2l/hDfOsQAm1myoU/1xByJ3tWqtulXA==",
			"dev": true,
			"license": "Apache-2.0",
			"dependencies": {
				"@babel/generator": "^7.28.0",
				"@babel/parser": "^7.28.0",
				"@babel/traverse": "^7.28.0",
				"@babel/types": "^7.28.0",
				"javascript-natural-sort": "^0.7.1",
				"lodash-es": "^4.17.21",
				"minimatch": "^9.0.0",
				"parse-imports-exports": "^0.2.4"
			},
			"engines": {
				"node": ">= 20"
			},
			"peerDependencies": {
				"@vue/compiler-sfc": "3.x",
				"prettier": "2.x - 3.x",
				"prettier-plugin-ember-template-tag": ">= 2.0.0",
				"prettier-plugin-svelte": "3.x",
				"svelte": "4.x || 5.x"
			},
			"peerDependenciesMeta": {
				"@vue/compiler-sfc": {
					"optional": true
				},
				"prettier-plugin-ember-template-tag": {
					"optional": true
				},
				"prettier-plugin-svelte": {
					"optional": true
				},
				"svelte": {
					"optional": true
				}
			}
		},
		"node_modules/@typescript-to-lua/language-extensions": {
			"version": "1.19.0",
			"resolved": "https://registry.npmjs.org/@typescript-to-lua/language-extensions/-/language-extensions-1.19.0.tgz",
			"integrity": "sha512-Os5wOKwviTD4LeqI29N0btYOjokSJ97iCf45EOjIABlb5IwNQy7AE/AqZJobRw3ywHH8+KzJUMkEirWPzh2tUA==",
			"dev": true
		},
		"node_modules/balanced-match": {
			"version": "1.0.2",
			"resolved": "https://npm.pkg.service42.me/balanced-match/-/balanced-match-1.0.2.tgz",
			"integrity": "sha512-3oSeUO0TMV67hN1AmbXsK4yaqU7tjiHlbxRDZOpH0KW9+CeX4bRAaX0Anxt0tx2MrpRpWwQaPwIlISEJhYU5Pw==",
			"dev": true,
			"license": "MIT"
		},
		"node_modules/brace-expansion": {
			"version": "2.1.1",
			"resolved": "https://npm.pkg.service42.me/brace-expansion/-/brace-expansion-2.1.1.tgz",
			"integrity": "sha512-WR1cURNjuvBLMZBMbqM0UoE+WAfdUcEV1ccD8PVBVOI+Z3ND4+SZbN8RsfT2bMuG1qwz5RFvPukSZm5fF2D5eA==",
			"dev": true,
			"license": "MIT",
			"dependencies": {
				"balanced-match": "^1.0.0"
			}
		},
		"node_modules/debug": {
			"version": "4.4.3",
			"resolved": "https://npm.pkg.service42.me/debug/-/debug-4.4.3.tgz",
			"integrity": "sha512-RGwwWnwQvkVfavKVt22FGLw+xYSdzARwm0ru6DhTVA3umU5hZc28V3kO4stgYryrTlLpuvgI9GiijltAjNbcqA==",
			"dev": true,
			"license": "MIT",
			"dependencies": {
				"ms": "^2.1.3"
			},
			"engines": {
				"node": ">=6.0"
			},
			"peerDependenciesMeta": {
				"supports-color": {
					"optional": true
				}
			}
		},
		"node_modules/enhanced-resolve": {
			"version": "5.8.2",
			"resolved": "https://registry.npmjs.org/enhanced-resolve/-/enhanced-resolve-5.8.2.tgz",
			"integrity": "sha512-F27oB3WuHDzvR2DOGNTaYy0D5o0cnrv8TeI482VM4kYgQd/FT9lUQwuNsJ0oOHtBUq7eiW5ytqzp7nBFknL+GA==",
			"dev": true,
			"dependencies": {
				"graceful-fs": "^4.2.4",
				"tapable": "^2.2.0"
			},
			"engines": {
				"node": ">=10.13.0"
			}
		},
		"node_modules/function-bind": {
			"version": "1.1.1",
			"resolved": "https://registry.npmjs.org/function-bind/-/function-bind-1.1.1.tgz",
			"integrity": "sha512-yIovAzMX49sF8Yl58fSCWJ5svSLuaibPxXQJFLmBObTuCr0Mf1KiPopGM9NiFjiYBCbfaa2Fh6breQ6ANVTI0A==",
			"dev": true
		},
		"node_modules/graceful-fs": {
			"version": "4.2.11",
			"resolved": "https://registry.npmjs.org/graceful-fs/-/graceful-fs-4.2.11.tgz",
			"integrity": "sha512-RbJ5/jmFcNNCcDV5o9eTnBLJ/HszWV0P73bc+Ff4nS/rJj+YaS6IGyiOL0VoBYX+l1Wrl3k63h/KrH+nhJ0XvQ==",
			"dev": true
		},
		"node_modules/has": {
			"version": "1.0.3",
			"resolved": "https://registry.npmjs.org/has/-/has-1.0.3.tgz",
			"integrity": "sha512-f2dvO0VU6Oej7RkWJGrehjbzMAjFp5/VKPp5tTpWIV4JHHZK1/BxbFRtf/siA2SWTe09caDmVtYYzWEIbBS4zw==",
			"dev": true,
			"dependencies": {
				"function-bind": "^1.1.1"
			},
			"engines": {
				"node": ">= 0.4.0"
			}
		},
		"node_modules/is-core-module": {
			"version": "2.8.1",
			"resolved": "https://registry.npmjs.org/is-core-module/-/is-core-module-2.8.1.tgz",
			"integrity": "sha512-SdNCUs284hr40hFTFP6l0IfZ/RSrMXF3qgoRHd3/79unUTvrFO/JoXwkGm+5J/Oe3E/b5GsnG330uUNgRpu1PA==",
			"dev": true,
			"dependencies": {
				"has": "^1.0.3"
			},
			"funding": {
				"url": "https://github.com/sponsors/ljharb"
			}
		},
		"node_modules/javascript-natural-sort": {
			"version": "0.7.1",
			"resolved": "https://registry.npmjs.org/javascript-natural-sort/-/javascript-natural-sort-0.7.1.tgz",
			"integrity": "sha512-nO6jcEfZWQXDhOiBtG2KvKyEptz7RVbpGP4vTD2hLBdmNQSsCiicO2Ioinv6UI4y9ukqnBpy+XZ9H6uLNgJTlw==",
			"dev": true,
			"license": "MIT"
		},
		"node_modules/js-tokens": {
			"version": "4.0.0",
			"resolved": "https://npm.pkg.service42.me/js-tokens/-/js-tokens-4.0.0.tgz",
			"integrity": "sha512-RdJUflcE3cUzKiMqQgsCu06FPu9UdIJO0beYbPhHN4k6apgJtifcoCtT9bcxOpYBtpD2kCM6Sbzg4CausW/PKQ==",
			"dev": true,
			"license": "MIT"
		},
		"node_modules/jsesc": {
			"version": "3.1.0",
			"resolved": "https://npm.pkg.service42.me/jsesc/-/jsesc-3.1.0.tgz",
			"integrity": "sha512-/sM3dO2FOzXjKQhJuo0Q173wf2KOo8t4I8vHy6lF9poUp7bKT0/NHE8fPX23PwfhnykfqnC2xRxOnVw5XuGIaA==",
			"dev": true,
			"license": "MIT",
			"bin": {
				"jsesc": "bin/jsesc"
			},
			"engines": {
				"node": ">=6"
			}
		},
		"node_modules/lodash-es": {
			"version": "4.18.1",
			"resolved": "https://npm.pkg.service42.me/lodash-es/-/lodash-es-4.18.1.tgz",
			"integrity": "sha512-J8xewKD/Gk22OZbhpOVSwcs60zhd95ESDwezOFuA3/099925PdHJ7OFHNTGtajL3AlZkykD32HykiMo+BIBI8A==",
			"dev": true,
			"license": "MIT"
		},
		"node_modules/lua-types": {
			"version": "2.14.1",
			"resolved": "https://npm.pkg.service42.me/lua-types/-/lua-types-2.14.1.tgz",
			"integrity": "sha512-+EbnTjF+Bbfp5xmpfT0O9AZgC5J6Oq6jRnZei3HLb0pbWuCRHmdnIVRPIgEpUncWvHq21DHB2qTHhA4xGceHHg==",
			"dev": true,
			"license": "MIT"
		},
		"node_modules/minimatch": {
			"version": "9.0.9",
			"resolved": "https://npm.pkg.service42.me/minimatch/-/minimatch-9.0.9.tgz",
			"integrity": "sha512-OBwBN9AL4dqmETlpS2zasx+vTeWclWzkblfZk7KTA5j3jeOONz/tRCnZomUyvNg83wL5Zv9Ss6HMJXAgL8R2Yg==",
			"dev": true,
			"license": "ISC",
			"dependencies": {
				"brace-expansion": "^2.0.2"
			},
			"engines": {
				"node": ">=16 || 14 >=14.17"
			},
			"funding": {
				"url": "https://github.com/sponsors/isaacs"
			}
		},
		"node_modules/ms": {
			"version": "2.1.3",
			"resolved": "https://npm.pkg.service42.me/ms/-/ms-2.1.3.tgz",
			"integrity": "sha512-6FlzubTLZG3J2a/NVCAleEhjzq5oxgHyaCU9yYXvcLsvoVaHJq/s5xXI6/XXP6tz7R9xAOtHnSO/tXtF3WRTlA==",
			"dev": true,
			"license": "MIT"
		},
		"node_modules/parse-imports-exports": {
			"version": "0.2.4",
			"resolved": "https://npm.pkg.service42.me/parse-imports-exports/-/parse-imports-exports-0.2.4.tgz",
			"integrity": "sha512-4s6vd6dx1AotCx/RCI2m7t7GCh5bDRUtGNvRfHSP2wbBQdMi67pPe7mtzmgwcaQ8VKK/6IB7Glfyu3qdZJPybQ==",
			"dev": true,
			"license": "MIT",
			"dependencies": {
				"parse-statements": "1.0.11"
			}
		},
		"node_modules/parse-statements": {
			"version": "1.0.11",
			"resolved": "https://npm.pkg.service42.me/parse-statements/-/parse-statements-1.0.11.tgz",
			"integrity": "sha512-HlsyYdMBnbPQ9Jr/VgJ1YF4scnldvJpJxCVx6KgqPL4dxppsWrJHCIIxQXMJrqGnsRkNPATbeMJ8Yxu7JMsYcA==",
			"dev": true,
			"license": "MIT"
		},
		"node_modules/path-parse": {
			"version": "1.0.7",
			"resolved": "https://registry.npmjs.org/path-parse/-/path-parse-1.0.7.tgz",
			"integrity": "sha512-LDJzPVEEEPR+y48z93A0Ed0yXb8pAByGWo/k5YYdYgpY2/2EsOsksJrq7lOHxryrVOn1ejG6oAp8ahvOIQD8sw==",
			"dev": true
		},
		"node_modules/picocolors": {
			"version": "1.1.1",
			"resolved": "https://npm.pkg.service42.me/picocolors/-/picocolors-1.1.1.tgz",
			"integrity": "sha512-xceH2snhtb5M9liqDsmEw56le376mTZkEX/jEb/RxNFyegNul7eNslCXP9FDj/Lcu0X8KEyMceP2ntpaHrDEVA==",
			"dev": true,
			"license": "ISC"
		},
		"node_modules/picomatch": {
			"version": "2.3.2",
			"resolved": "https://npm.pkg.service42.me/picomatch/-/picomatch-2.3.2.tgz",
			"integrity": "sha512-V7+vQEJ06Z+c5tSye8S+nHUfI51xoXIXjHQ99cQtKUkQqqO1kO/KCJUfZXuB47h/YBlDhah2H3hdUGXn8ie0oA==",
			"dev": true,
			"license": "MIT",
			"engines": {
				"node": ">=8.6"
			},
			"funding": {
				"url": "https://github.com/sponsors/jonschlinkert"
			}
		},
		"node_modules/prettier": {
			"version": "3.8.3",
			"resolved": "https://npm.pkg.service42.me/prettier/-/prettier-3.8.3.tgz",
			"integrity": "sha512-7igPTM53cGHMW8xWuVTydi2KO233VFiTNyF5hLJqpilHfmn8C8gPf+PS7dUT64YcXFbiMGZxS9pCSxL/Dxm/Jw==",
			"dev": true,
			"license": "MIT",
			"bin": {
				"prettier": "bin/prettier.cjs"
			},
			"engines": {
				"node": ">=14"
			},
			"funding": {
				"url": "https://github.com/prettier/prettier?sponsor=1"
			}
		},
		"node_modules/resolve": {
			"version": "1.22.0",
			"resolved": "https://registry.npmjs.org/resolve/-/resolve-1.22.0.tgz",
			"integrity": "sha512-Hhtrw0nLeSrFQ7phPp4OOcVjLPIeMnRlr5mcnVuMe7M/7eBn98A3hmFRLoFo3DLZkivSYwhRUJTyPyWAk56WLw==",
			"dev": true,
			"dependencies": {
				"is-core-module": "^2.8.1",
				"path-parse": "^1.0.7",
				"supports-preserve-symlinks-flag": "^1.0.0"
			},
			"bin": {
				"resolve": "bin/resolve"
			},
			"funding": {
				"url": "https://github.com/sponsors/ljharb"
			}
		},
		"node_modules/source-map": {
			"version": "0.7.3",
			"resolved": "https://registry.npmjs.org/source-map/-/source-map-0.7.3.tgz",
			"integrity": "sha512-CkCj6giN3S+n9qrYiBTX5gystlENnRW5jZeNLHpe6aue+SrHcG5VYwujhW9s4dY31mEGsxBDrHR6oI69fTXsaQ==",
			"dev": true,
			"engines": {
				"node": ">= 8"
			}
		},
		"node_modules/supports-preserve-symlinks-flag": {
			"version": "1.0.0",
			"resolved": "https://registry.npmjs.org/supports-preserve-symlinks-flag/-/supports-preserve-symlinks-flag-1.0.0.tgz",
			"integrity": "sha512-ot0WnXS9fgdkgIcePe6RHNk1WA8+muPa6cSjeR3V8K27q9BB1rTE3R1p7Hv0z1ZyAc8s6Vvv8DIyWf681MAt0w==",
			"dev": true,
			"engines": {
				"node": ">= 0.4"
			},
			"funding": {
				"url": "https://github.com/sponsors/ljharb"
			}
		},
		"node_modules/tapable": {
			"version": "2.2.3",
			"resolved": "https://registry.npmjs.org/tapable/-/tapable-2.2.3.tgz",
			"integrity": "sha512-ZL6DDuAlRlLGghwcfmSn9sK3Hr6ArtyudlSAiCqQ6IfE+b+HHbydbYDIG15IfS5do+7XQQBdBiubF/cV2dnDzg==",
			"dev": true,
			"engines": {
				"node": ">=6"
			},
			"funding": {
				"type": "opencollective",
				"url": "https://opencollective.com/webpack"
			}
		},
		"node_modules/typescript": {
			"version": "6.0.2",
			"resolved": "https://npm.pkg.service42.me/typescript/-/typescript-6.0.2.tgz",
			"integrity": "sha512-bGdAIrZ0wiGDo5l8c++HWtbaNCWTS4UTv7RaTH/ThVIgjkveJt83m74bBHMJkuCbslY8ixgLBVZJIOiQlQTjfQ==",
			"dev": true,
			"license": "Apache-2.0",
			"bin": {
				"tsc": "bin/tsc",
				"tsserver": "bin/tsserver"
			},
			"engines": {
				"node": ">=14.17"
			}
		},
		"node_modules/typescript-to-lua": {
			"version": "1.36.0",
			"resolved": "https://npm.pkg.service42.me/typescript-to-lua/-/typescript-to-lua-1.36.0.tgz",
			"integrity": "sha512-OrBYbOVkg5fEmiaxcejb6lPw5B2Iqq1X/76x9YRa+UItci3eC6EObgbabqjJOZIYC1O2/KV7oRh2NPdrniriHw==",
			"dev": true,
			"license": "MIT",
			"dependencies": {
				"@typescript-to-lua/language-extensions": "1.19.0",
				"enhanced-resolve": "5.8.2",
				"picomatch": "^2.3.1",
				"resolve": "^1.15.1",
				"source-map": "^0.7.3"
			},
			"bin": {
				"tstl": "dist/tstl.js"
			},
			"engines": {
				"node": ">=16.10.0"
			},
			"peerDependencies": {
				"typescript": "6.0.2"
			}
		}
	},
	"dependencies": {
		"@babel/code-frame": {
			"version": "7.29.7",
			"resolved": "https://npm.pkg.service42.me/@babel/code-frame/-/code-frame-7.29.7.tgz",
			"integrity": "sha512-Aup7aUOfpbAUg2ROOJN6Iw5f9DMBlzu0mIkm/malLQFN/YQgO48wCj0Kxa3sEHJvPVFg7siR+qRInwXd2qhQKw==",
			"dev": true,
			"requires": {
				"@babel/helper-validator-identifier": "^7.29.7",
				"js-tokens": "^4.0.0",
				"picocolors": "^1.1.1"
			}
		},
		"@babel/generator": {
			"version": "7.29.7",
			"resolved": "https://npm.pkg.service42.me/@babel/generator/-/generator-7.29.7.tgz",
			"integrity": "sha512-DkXD5OJQaAQIdZ1bt3UZdEnHAn9Imd3IVBdX03UFe+ony9Ojw5pzr9YVKGDY1jt+Gcn/FnGkNf8r+Vj5NOJWtQ==",
			"dev": true,
			"requires": {
				"@babel/parser": "^7.29.7",
				"@babel/types": "^7.29.7",
				"@jridgewell/gen-mapping": "^0.3.12",
				"@jridgewell/trace-mapping": "^0.3.28",
				"jsesc": "^3.0.2"
			}
		},
		"@babel/helper-globals": {
			"version": "7.29.7",
			"resolved": "https://npm.pkg.service42.me/@babel/helper-globals/-/helper-globals-7.29.7.tgz",
			"integrity": "sha512-3nQVUAtvkKH9zahfWgw96Jc/uFOmjACE1kQz82E2lqWmHBgjzbNlsC22nuQTfahmWeQtTq5nQ/4Nnd2A1wj4zA==",
			"dev": true
		},
		"@babel/helper-string-parser": {
			"version": "7.29.7",
			"resolved": "https://npm.pkg.service42.me/@babel/helper-string-parser/-/helper-string-parser-7.29.7.tgz",
			"integrity": "sha512-Pb5ijPrZ89GDH8223L4UP8i6QApWxs04RbPQJTeWDV0/keR2E36MeKnyr6LYmUUvqRRI+Iv87SuF1W6ErINzYw==",
			"dev": true
		},
		"@babel/helper-validator-identifier": {
			"version": "7.29.7",
			"resolved": "https://npm.pkg.service42.me/@babel/helper-validator-identifier/-/helper-validator-identifier-7.29.7.tgz",
			"integrity": "sha512-qehxGkRj55h/ff8EMaJ+cYhyaKlHIxqYDn682wQD7RNp9UujOQsHog2uS0r2vzr4pW+sXf90NeeayjcNaX3fFg==",
			"dev": true
		},
		"@babel/parser": {
			"version": "7.29.7",
			"resolved": "https://npm.pkg.service42.me/@babel/parser/-/parser-7.29.7.tgz",
			"integrity": "sha512-hnORnjP/1P/zFEndoeX+n+t1RwWRJiJpM/jO7FW32Kn9r5+sJB2JWOdYo4L6k78j15eCwY3Gm/7364B1EMwtNg==",
			"dev": true,
			"requires": {
				"@babel/types": "^7.29.7"
			}
		},
		"@babel/template": {
			"version": "7.29.7",
			"resolved": "https://npm.pkg.service42.me/@babel/template/-/template-7.29.7.tgz",
			"integrity": "sha512-puq+Gf35oI24FeN11LkoUQFqv9uwNeWpxXZi/Ji3rRIoKAzKnxRaZ+Gkj0vKS9ZCiTESfng1N9LyOyXvo+m+Gg==",
			"dev": true,
			"requires": {
				"@babel/code-frame": "^7.29.7",
				"@babel/parser": "^7.29.7",
				"@babel/types": "^7.29.7"
			}
		},
		"@babel/traverse": {
			"version": "7.29.7",
			"resolved": "https://npm.pkg.service42.me/@babel/traverse/-/traverse-7.29.7.tgz",
			"integrity": "sha512-EhlfNQtZ+NK22w5BM61ciuiq1m58ed33Wr1Xan//ZRTy6hgjnwyCffRYwzsGXdASJSUJ1guZILsErh1eQcl+zw==",
			"dev": true,
			"requires": {
				"@babel/code-frame": "^7.29.7",
				"@babel/generator": "^7.29.7",
				"@babel/helper-globals": "^7.29.7",
				"@babel/parser": "^7.29.7",
				"@babel/template": "^7.29.7",
				"@babel/types": "^7.29.7",
				"debug": "^4.3.1"
			}
		},
		"@babel/types": {
			"version": "7.29.7",
			"resolved": "https://npm.pkg.service42.me/@babel/types/-/types-7.29.7.tgz",
			"integrity": "sha512-4zBIxpPzowiZpusoFkyGVwakdRJUyuH5PxQ/PrqghfdFWWasvnCdPfQXHrenDai+gyLARulZjZowCOj6fjT4pA==",
			"dev": true,
			"requires": {
				"@babel/helper-string-parser": "^7.29.7",
				"@babel/helper-validator-identifier": "^7.29.7"
			}
		},
		"@jridgewell/gen-mapping": {
			"version": "0.3.13",
			"resolved": "https://npm.pkg.service42.me/@jridgewell/gen-mapping/-/gen-mapping-0.3.13.tgz",
			"integrity": "sha512-2kkt/7niJ6MgEPxF0bYdQ6etZaA+fQvDcLKckhy1yIQOzaoKjBBjSj63/aLVjYE3qhRt5dvM+uUyfCg6UKCBbA==",
			"dev": true,
			"requires": {
				"@jridgewell/sourcemap-codec": "^1.5.0",
				"@jridgewell/trace-mapping": "^0.3.24"
			}
		},
		"@jridgewell/resolve-uri": {
			"version": "3.1.2",
			"resolved": "https://npm.pkg.service42.me/@jridgewell/resolve-uri/-/resolve-uri-3.1.2.tgz",
			"integrity": "sha512-bRISgCIjP20/tbWSPWMEi54QVPRZExkuD9lJL+UIxUKtwVJA8wW1Trb1jMs1RFXo1CBTNZ/5hpC9QvmKWdopKw==",
			"dev": true
		},
		"@jridgewell/sourcemap-codec": {
			"version": "1.5.5",
			"resolved": "https://npm.pkg.service42.me/@jridgewell/sourcemap-codec/-/sourcemap-codec-1.5.5.tgz",
			"integrity": "sha512-cYQ9310grqxueWbl+WuIUIaiUaDcj7WOq5fVhEljNVgRfOUhY9fy2zTvfoqWsnebh8Sl70VScFbICvJnLKB0Og==",
			"dev": true
		},
		"@jridgewell/trace-mapping": {
			"version": "0.3.31",
			"resolved": "https://npm.pkg.service42.me/@jridgewell/trace-mapping/-/trace-mapping-0.3.31.tgz",
			"integrity": "sha512-zzNR+SdQSDJzc8joaeP8QQoCQr8NuYx2dIIytl1QeBEZHJ9uW6hebsrYgbz8hJwUQao3TWCMtmfV8Nu1twOLAw==",
			"dev": true,
			"requires": {
				"@jridgewell/resolve-uri": "^3.1.0",
				"@jridgewell/sourcemap-codec": "^1.4.14"
			}
		},
		"@trivago/prettier-plugin-sort-imports": {
			"version": "6.0.2",
			"resolved": "https://npm.pkg.service42.me/@trivago/prettier-plugin-sort-imports/-/prettier-plugin-sort-imports-6.0.2.tgz",
			"integrity": "sha512-3DgfkukFyC/sE/VuYjaUUWoFfuVjPK55vOFDsxD56XXynFMCZDYFogH2l/hDfOsQAm1myoU/1xByJ3tWqtulXA==",
			"dev": true,
			"requires": {
				"@babel/generator": "^7.28.0",
				"@babel/parser": "^7.28.0",
				"@babel/traverse": "^7.28.0",
				"@babel/types": "^7.28.0",
				"javascript-natural-sort": "^0.7.1",
				"lodash-es": "^4.17.21",
				"minimatch": "^9.0.0",
				"parse-imports-exports": "^0.2.4"
			}
		},
		"@typescript-to-lua/language-extensions": {
			"version": "1.19.0",
			"resolved": "https://registry.npmjs.org/@typescript-to-lua/language-extensions/-/language-extensions-1.19.0.tgz",
			"integrity": "sha512-Os5wOKwviTD4LeqI29N0btYOjokSJ97iCf45EOjIABlb5IwNQy7AE/AqZJobRw3ywHH8+KzJUMkEirWPzh2tUA==",
			"dev": true
		},
		"balanced-match": {
			"version": "1.0.2",
			"resolved": "https://npm.pkg.service42.me/balanced-match/-/balanced-match-1.0.2.tgz",
			"integrity": "sha512-3oSeUO0TMV67hN1AmbXsK4yaqU7tjiHlbxRDZOpH0KW9+CeX4bRAaX0Anxt0tx2MrpRpWwQaPwIlISEJhYU5Pw==",
			"dev": true
		},
		"brace-expansion": {
			"version": "2.1.1",
			"resolved": "https://npm.pkg.service42.me/brace-expansion/-/brace-expansion-2.1.1.tgz",
			"integrity": "sha512-WR1cURNjuvBLMZBMbqM0UoE+WAfdUcEV1ccD8PVBVOI+Z3ND4+SZbN8RsfT2bMuG1qwz5RFvPukSZm5fF2D5eA==",
			"dev": true,
			"requires": {
				"balanced-match": "^1.0.0"
			}
		},
		"debug": {
			"version": "4.4.3",
			"resolved": "https://npm.pkg.service42.me/debug/-/debug-4.4.3.tgz",
			"integrity": "sha512-RGwwWnwQvkVfavKVt22FGLw+xYSdzARwm0ru6DhTVA3umU5hZc28V3kO4stgYryrTlLpuvgI9GiijltAjNbcqA==",
			"dev": true,
			"requires": {
				"ms": "^2.1.3"
			}
		},
		"enhanced-resolve": {
			"version": "5.8.2",
			"resolved": "https://registry.npmjs.org/enhanced-resolve/-/enhanced-resolve-5.8.2.tgz",
			"integrity": "sha512-F27oB3WuHDzvR2DOGNTaYy0D5o0cnrv8TeI482VM4kYgQd/FT9lUQwuNsJ0oOHtBUq7eiW5ytqzp7nBFknL+GA==",
			"dev": true,
			"requires": {
				"graceful-fs": "^4.2.4",
				"tapable": "^2.2.0"
			}
		},
		"function-bind": {
			"version": "1.1.1",
			"resolved": "https://registry.npmjs.org/function-bind/-/function-bind-1.1.1.tgz",
			"integrity": "sha512-yIovAzMX49sF8Yl58fSCWJ5svSLuaibPxXQJFLmBObTuCr0Mf1KiPopGM9NiFjiYBCbfaa2Fh6breQ6ANVTI0A==",
			"dev": true
		},
		"graceful-fs": {
			"version": "4.2.11",
			"resolved": "https://registry.npmjs.org/graceful-fs/-/graceful-fs-4.2.11.tgz",
			"integrity": "sha512-RbJ5/jmFcNNCcDV5o9eTnBLJ/HszWV0P73bc+Ff4nS/rJj+YaS6IGyiOL0VoBYX+l1Wrl3k63h/KrH+nhJ0XvQ==",
			"dev": true
		},
		"has": {
			"version": "1.0.3",
			"resolved": "https://registry.npmjs.org/has/-/has-1.0.3.tgz",
			"integrity": "sha512-f2dvO0VU6Oej7RkWJGrehjbzMAjFp5/VKPp5tTpWIV4JHHZK1/BxbFRtf/siA2SWTe09caDmVtYYzWEIbBS4zw==",
			"dev": true,
			"requires": {
				"function-bind": "^1.1.1"
			}
		},
		"is-core-module": {
			"version": "2.8.1",
			"resolved": "https://registry.npmjs.org/is-core-module/-/is-core-module-2.8.1.tgz",
			"integrity": "sha512-SdNCUs284hr40hFTFP6l0IfZ/RSrMXF3qgoRHd3/79unUTvrFO/JoXwkGm+5J/Oe3E/b5GsnG330uUNgRpu1PA==",
			"dev": true,
			"requires": {
				"has": "^1.0.3"
			}
		},
		"javascript-natural-sort": {
			"version": "0.7.1",
			"resolved": "https://registry.npmjs.org/javascript-natural-sort/-/javascript-natural-sort-0.7.1.tgz",
			"integrity": "sha512-nO6jcEfZWQXDhOiBtG2KvKyEptz7RVbpGP4vTD2hLBdmNQSsCiicO2Ioinv6UI4y9ukqnBpy+XZ9H6uLNgJTlw==",
			"dev": true
		},
		"js-tokens": {
			"version": "4.0.0",
			"resolved": "https://npm.pkg.service42.me/js-tokens/-/js-tokens-4.0.0.tgz",
			"integrity": "sha512-RdJUflcE3cUzKiMqQgsCu06FPu9UdIJO0beYbPhHN4k6apgJtifcoCtT9bcxOpYBtpD2kCM6Sbzg4CausW/PKQ==",
			"dev": true
		},
		"jsesc": {
			"version": "3.1.0",
			"resolved": "https://npm.pkg.service42.me/jsesc/-/jsesc-3.1.0.tgz",
			"integrity": "sha512-/sM3dO2FOzXjKQhJuo0Q173wf2KOo8t4I8vHy6lF9poUp7bKT0/NHE8fPX23PwfhnykfqnC2xRxOnVw5XuGIaA==",
			"dev": true
		},
		"lodash-es": {
			"version": "4.18.1",
			"resolved": "https://npm.pkg.service42.me/lodash-es/-/lodash-es-4.18.1.tgz",
			"integrity": "sha512-J8xewKD/Gk22OZbhpOVSwcs60zhd95ESDwezOFuA3/099925PdHJ7OFHNTGtajL3AlZkykD32HykiMo+BIBI8A==",
			"dev": true
		},
		"lua-types": {
			"version": "2.14.1",
			"resolved": "https://npm.pkg.service42.me/lua-types/-/lua-types-2.14.1.tgz",
			"integrity": "sha512-+EbnTjF+Bbfp5xmpfT0O9AZgC5J6Oq6jRnZei3HLb0pbWuCRHmdnIVRPIgEpUncWvHq21DHB2qTHhA4xGceHHg==",
			"dev": true
		},
		"minimatch": {
			"version": "9.0.9",
			"resolved": "https://npm.pkg.service42.me/minimatch/-/minimatch-9.0.9.tgz",
			"integrity": "sha512-OBwBN9AL4dqmETlpS2zasx+vTeWclWzkblfZk7KTA5j3jeOONz/tRCnZomUyvNg83wL5Zv9Ss6HMJXAgL8R2Yg==",
			"dev": true,
			"requires": {
				"brace-expansion": "^2.0.2"
			}
		},
		"ms": {
			"version": "2.1.3",
			"resolved": "https://npm.pkg.service42.me/ms/-/ms-2.1.3.tgz",
			"integrity": "sha512-6FlzubTLZG3J2a/NVCAleEhjzq5oxgHyaCU9yYXvcLsvoVaHJq/s5xXI6/XXP6tz7R9xAOtHnSO/tXtF3WRTlA==",
			"dev": true
		},
		"parse-imports-exports": {
			"version": "0.2.4",
			"resolved": "https://npm.pkg.service42.me/parse-imports-exports/-/parse-imports-exports-0.2.4.tgz",
			"integrity": "sha512-4s6vd6dx1AotCx/RCI2m7t7GCh5bDRUtGNvRfHSP2wbBQdMi67pPe7mtzmgwcaQ8VKK/6IB7Glfyu3qdZJPybQ==",
			"dev": true,
			"requires": {
				"parse-statements": "1.0.11"
			}
		},
		"parse-statements": {
			"version": "1.0.11",
			"resolved": "https://npm.pkg.service42.me/parse-statements/-/parse-statements-1.0.11.tgz",
			"integrity": "sha512-HlsyYdMBnbPQ9Jr/VgJ1YF4scnldvJpJxCVx6KgqPL4dxppsWrJHCIIxQXMJrqGnsRkNPATbeMJ8Yxu7JMsYcA==",
			"dev": true
		},
		"path-parse": {
			"version": "1.0.7",
			"resolved": "https://registry.npmjs.org/path-parse/-/path-parse-1.0.7.tgz",
			"integrity": "sha512-LDJzPVEEEPR+y48z93A0Ed0yXb8pAByGWo/k5YYdYgpY2/2EsOsksJrq7lOHxryrVOn1ejG6oAp8ahvOIQD8sw==",
			"dev": true
		},
		"picocolors": {
			"version": "1.1.1",
			"resolved": "https://npm.pkg.service42.me/picocolors/-/picocolors-1.1.1.tgz",
			"integrity": "sha512-xceH2snhtb5M9liqDsmEw56le376mTZkEX/jEb/RxNFyegNul7eNslCXP9FDj/Lcu0X8KEyMceP2ntpaHrDEVA==",
			"dev": true
		},
		"picomatch": {
			"version": "2.3.2",
			"resolved": "https://npm.pkg.service42.me/picomatch/-/picomatch-2.3.2.tgz",
			"integrity": "sha512-V7+vQEJ06Z+c5tSye8S+nHUfI51xoXIXjHQ99cQtKUkQqqO1kO/KCJUfZXuB47h/YBlDhah2H3hdUGXn8ie0oA==",
			"dev": true
		},
		"prettier": {
			"version": "3.8.3",
			"resolved": "https://npm.pkg.service42.me/prettier/-/prettier-3.8.3.tgz",
			"integrity": "sha512-7igPTM53cGHMW8xWuVTydi2KO233VFiTNyF5hLJqpilHfmn8C8gPf+PS7dUT64YcXFbiMGZxS9pCSxL/Dxm/Jw==",
			"dev": true
		},
		"resolve": {
			"version": "1.22.0",
			"resolved": "https://registry.npmjs.org/resolve/-/resolve-1.22.0.tgz",
			"integrity": "sha512-Hhtrw0nLeSrFQ7phPp4OOcVjLPIeMnRlr5mcnVuMe7M/7eBn98A3hmFRLoFo3DLZkivSYwhRUJTyPyWAk56WLw==",
			"dev": true,
			"requires": {
				"is-core-module": "^2.8.1",
				"path-parse": "^1.0.7",
				"supports-preserve-symlinks-flag": "^1.0.0"
			}
		},
		"source-map": {
			"version": "0.7.3",
			"resolved": "https://registry.npmjs.org/source-map/-/source-map-0.7.3.tgz",
			"integrity": "sha512-CkCj6giN3S+n9qrYiBTX5gystlENnRW5jZeNLHpe6aue+SrHcG5VYwujhW9s4dY31mEGsxBDrHR6oI69fTXsaQ==",
			"dev": true
		},
		"supports-preserve-symlinks-flag": {
			"version": "1.0.0",
			"resolved": "https://registry.npmjs.org/supports-preserve-symlinks-flag/-/supports-preserve-symlinks-flag-1.0.0.tgz",
			"integrity": "sha512-ot0WnXS9fgdkgIcePe6RHNk1WA8+muPa6cSjeR3V8K27q9BB1rTE3R1p7Hv0z1ZyAc8s6Vvv8DIyWf681MAt0w==",
			"dev": true
		},
		"tapable": {
			"version": "2.2.3",
			"resolved": "https://registry.npmjs.org/tapable/-/tapable-2.2.3.tgz",
			"integrity": "sha512-ZL6DDuAlRlLGghwcfmSn9sK3Hr6ArtyudlSAiCqQ6IfE+b+HHbydbYDIG15IfS5do+7XQQBdBiubF/cV2dnDzg==",
			"dev": true
		},
		"typescript": {
			"version": "6.0.2",
			"resolved": "https://npm.pkg.service42.me/typescript/-/typescript-6.0.2.tgz",
			"integrity": "sha512-bGdAIrZ0wiGDo5l8c++HWtbaNCWTS4UTv7RaTH/ThVIgjkveJt83m74bBHMJkuCbslY8ixgLBVZJIOiQlQTjfQ==",
			"dev": true
		},
		"typescript-to-lua": {
			"version": "1.36.0",
			"resolved": "https://npm.pkg.service42.me/typescript-to-lua/-/typescript-to-lua-1.36.0.tgz",
			"integrity": "sha512-OrBYbOVkg5fEmiaxcejb6lPw5B2Iqq1X/76x9YRa+UItci3eC6EObgbabqjJOZIYC1O2/KV7oRh2NPdrniriHw==",
			"dev": true,
			"requires": {
				"@typescript-to-lua/language-extensions": "1.19.0",
				"enhanced-resolve": "5.8.2",
				"picomatch": "^2.3.1",
				"resolve": "^1.15.1",
				"source-map": "^0.7.3"
			}
		}
	}
}
